
Microsoft Visual Studio Solution File, Format Version 12.00
# Visual Studio Version 17
VisualStudioVersion = 17.0.31919.166
MinimumVisualStudioVersion = 10.0.40219.1
Project("{FAE04EC0-301F-11D3-BF4B-00C04F79EFBC}") = "Wp1", "Wp1\Wp1.csproj", "{DA6AC9B1-B5D5-419C-8291-3D79E4A950F3}"
EndProject
Global
	GlobalSection(SolutionConfigurationPlatforms) = preSolution
		Debug|Any CPU = Debug|Any CPU
		Release|Any CPU = Release|Any CPU
	EndGlobalSection
	GlobalSection(ProjectConfigurationPlatforms) = postSolution
		{DA6AC9B1-B5D5-419C-8291-3D79E4A950F3}.Debug|Any CPU.ActiveCfg = Debug|Any CPU
		{DA6AC9B1-B5D5-419C-8291-3D79E4A950F3}.Debug|Any CPU.Build.0 = Debug|Any CPU
		{DA6AC9B1-B5D5-419C-8291-3D79E4A950F3}.Release|Any CPU.ActiveCfg = Release|Any CPU
		{DA6AC9B1-B5D5-419C-8291-3D79E4A950F3}.Release|Any CPU.Build.0 = Release|Any CPU
	EndGlobalSection
	GlobalSection(SolutionProperties) = preSolution
		HideSolutionNode = FALSE
	EndGlobalSection
	GlobalSection(ExtensibilityGlobals) = postSolution
		SolutionGuid = {DC59BF31-4D7C-47FC-A775-134E9BE41096}
	EndGlobalSection
EndGlobal
